{
    "_readme": [
        "This file locks the dependencies of your project to a known state",
        "Read more about it at http://getcomposer.org/doc/01-basic-usage.md#composer-lock-the-lock-file",
        "This file is @generated automatically"
    ],
    "hash": "92860bf005dee717fa02cd842de61a37",
    "packages": [
        {
            "name": "oyejorge/less.php",
            "version": "1.7.x-dev",
            "source": {
                "type": "git",
                "url": "https://github.com/oyejorge/less.php.git",
                "reference": "8f77f13bbc4d5997c76322523e1fb28376acf080"
            },
            "dist": {
                "type": "zip",
                "url": "https://api.github.com/repos/oyejorge/less.php/zipball/8f77f13bbc4d5997c76322523e1fb28376acf080",
                "reference": "8f77f13bbc4d5997c76322523e1fb28376acf080",
                "shasum": ""
            },
            "require": {
                "php": ">=5.2"
            },
            "bin": [
                "bin/lessc"
            ],
            "type": "library",
            "autoload": {
                "psr-0": {
                    "Less": "lib/"
                },
                "classmap": [
                    "lessc.inc.php"
                ]
            },
            "notification-url": "https://packagist.org/downloads/",
            "license": [
                "Apache-2.0"
            ],
            "authors": [
                {
                    "name": "Matt Agar",
                    "homepage": "https://github.com/agar"
                },
                {
                    "name": "Martin Jantošovič",
                    "homepage": "https://github.com/Mordred"
                },
                {
                    "name": "Josh Schmidt",
                    "homepage": "https://github.com/oyejorge"
                }
            ],
            "description": "PHP port of the Javascript version of LESS http://lesscss.org",
            "homepage": "http://lessphp.gpeasy.com",
            "keywords": [
                "css",
                "less",
                "less.js",
                "lesscss",
                "php",
                "stylesheet"
            ],
            "time": "2014-03-04 18:49:54"
        },
        {
            "name": "teddy/imgtodataurl",
            "version": "v1.1.1",
            "source": {
                "type": "git",
                "url": "https://github.com/Grez/ImgToDataUrl.git",
                "reference": "8a2eaf29cddc583eb881c62e84bb4f9c931a03b4"
            },
            "dist": {
                "type": "zip",
                "url": "https://api.github.com/repos/Grez/ImgToDataUrl/zipball/8a2eaf29cddc583eb881c62e84bb4f9c931a03b4",
                "reference": "8a2eaf29cddc583eb881c62e84bb4f9c931a03b4",
                "shasum": ""
            },
            "require-dev": {
                "nette/tester": "~1.4@dev"
            },
            "type": "library",
            "autoload": {
                "classmap": [
                    "src/"
                ]
            },
            "notification-url": "https://packagist.org/downloads/",
            "license": [
                "MIT",
                "BSD-3-Clause",
                "GPL-2.0",
                "GPL-3.0"
            ],
            "authors": [
                {
                    "name": "Tom Bartoň",
                    "email": "grez.cz@gmail.com"
                }
            ],
            "description": "Converts images in .css to DataUrl",
            "time": "2015-04-21 23:06:37"
        }
    ],
    "packages-dev": [
        {
            "name": "nette/tester",
            "version": "v1.3.2",
            "source": {
                "type": "git",
                "url": "https://github.com/nette/tester.git",
                "reference": "2ce1cd9a6d7012ba059efa08613d5cd6e50c6560"
            },
            "dist": {
                "type": "zip",
                "url": "https://api.github.com/repos/nette/tester/zipball/2ce1cd9a6d7012ba059efa08613d5cd6e50c6560",
                "reference": "2ce1cd9a6d7012ba059efa08613d5cd6e50c6560",
                "shasum": ""
            },
            "require": {
                "php": ">=5.3.0"
            },
            "bin": [
                "Tester/tester"
            ],
            "type": "library",
            "extra": {
                "branch-alias": {
                    "dev-master": "1.3-dev"
                }
            },
            "autoload": {
                "classmap": [
                    "Tester/"
                ]
            },
            "notification-url": "https://packagist.org/downloads/",
            "license": [
                "BSD-3-Clause",
                "GPL-2.0",
                "GPL-3.0"
            ],
            "authors": [
                {
                    "name": "David Grudl",
                    "homepage": "http://davidgrudl.com"
                },
                {
                    "name": "Nette Community",
                    "homepage": "http://nette.org/contributors"
                }
            ],
            "description": "An easy-to-use PHP unit testing framework.",
            "homepage": "http://nette.org",
            "keywords": [
                "nette",
                "testing",
                "unit"
            ],
            "time": "2015-02-08 04:13:28"
        }
    ],
    "aliases": [],
    "minimum-stability": "dev",
    "stability-flags": [],
    "prefer-stable": false,
    "prefer-lowest": false,
    "platform": {
        "php": ">= 5.3.7"
    },
    "platform-dev": []
}
